// !$*UTF8*$!
{
	archiveVersion = 1;
	classes = {
	};
	objectVersion = 56;
	objects = {

/* Begin PBXBuildFile section */
		644A50342966DEF800F8BC7B /* Apollo in Frameworks */ = {isa = PBXBuildFile; productRef = 644A50332966DEF800F8BC7B /* Apollo */; };
		644A50362966DEF800F8BC7B /* ApolloWebSocket in Frameworks */ = {isa = PBXBuildFile; productRef = 644A50352966DEF800F8BC7B /* ApolloWebSocket */; };
		6468C8882964374800080343 /* kronor_test_appApp.swift in Sources */ = {isa = PBXBuildFile; fileRef = 6468C8872964374800080343 /* kronor_test_appApp.swift */; };
		6468C88A2964374800080343 /* ContentView.swift in Sources */ = {isa = PBXBuildFile; fileRef = 6468C8892964374800080343 /* ContentView.swift */; };
		6468C88C2964374900080343 /* Assets.xcassets in Resources */ = {isa = PBXBuildFile; fileRef = 6468C88B2964374900080343 /* Assets.xcassets */; };
		6468C88F2964374900080343 /* Preview Assets.xcassets in Resources */ = {isa = PBXBuildFile; fileRef = 6468C88E2964374900080343 /* Preview Assets.xcassets */; };
		6468C8A92964765300080343 /* Client.swift in Sources */ = {isa = PBXBuildFile; fileRef = 6468C8A82964765300080343 /* Client.swift */; };
		6468C8AB2964811900080343 /* StartSession.swift in Sources */ = {isa = PBXBuildFile; fileRef = 6468C8AA2964811900080343 /* StartSession.swift */; };
		6468C8AE29657E1500080343 /* StateMachine in Frameworks */ = {isa = PBXBuildFile; productRef = 6468C8AD29657E1500080343 /* StateMachine */; };
		646AE9E7296EF762003EB234 /* Kronor in Frameworks */ = {isa = PBXBuildFile; productRef = 646AE9E6296EF762003EB234 /* Kronor */; };
		646AE9E9296EF762003EB234 /* KronorApi in Frameworks */ = {isa = PBXBuildFile; productRef = 646AE9E8296EF762003EB234 /* KronorApi */; };
		646AE9EB296EF762003EB234 /* KronorComponents in Frameworks */ = {isa = PBXBuildFile; productRef = 646AE9EA296EF762003EB234 /* KronorComponents */; };
/* End PBXBuildFile section */

/* Begin PBXFileReference section */
		644A50312965E7B600F8BC7B /* Info.plist */ = {isa = PBXFileReference; lastKnownFileType = text.plist; path = Info.plist; sourceTree = "<group>"; };
		6468C8842964374800080343 /* kronor-test-app.app */ = {isa = PBXFileReference; explicitFileType = wrapper.application; includeInIndex = 0; path = "kronor-test-app.app"; sourceTree = BUILT_PRODUCTS_DIR; };
		6468C8872964374800080343 /* kronor_test_appApp.swift */ = {isa = PBXFileReference; lastKnownFileType = sourcecode.swift; path = kronor_test_appApp.swift; sourceTree = "<group>"; };
		6468C8892964374800080343 /* ContentView.swift */ = {isa = PBXFileReference; lastKnownFileType = sourcecode.swift; path = ContentView.swift; sourceTree = "<group>"; };
		6468C88B2964374900080343 /* Assets.xcassets */ = {isa = PBXFileReference; lastKnownFileType = folder.assetcatalog; path = Assets.xcassets; sourceTree = "<group>"; };
		6468C88E2964374900080343 /* Preview Assets.xcassets */ = {isa = PBXFileReference; lastKnownFileType = folder.assetcatalog; path = "Preview Assets.xcassets"; sourceTree = "<group>"; };
		6468C8A82964765300080343 /* Client.swift */ = {isa = PBXFileReference; lastKnownFileType = sourcecode.swift; path = Client.swift; sourceTree = "<group>"; };
		6468C8AA2964811900080343 /* StartSession.swift */ = {isa = PBXFileReference; lastKnownFileType = sourcecode.swift; path = StartSession.swift; sourceTree = "<group>"; };
/* End PBXFileReference section */

/* Begin PBXFrameworksBuildPhase section */
		6468C8812964374800080343 /* Frameworks */ = {
			isa = PBXFrameworksBuildPhase;
			buildActionMask = 2147483647;
			files = (
				644A50362966DEF800F8BC7B /* ApolloWebSocket in Frameworks */,
				646AE9EB296EF762003EB234 /* KronorComponents in Frameworks */,
				646AE9E9296EF762003EB234 /* KronorApi in Frameworks */,
				646AE9E7296EF762003EB234 /* Kronor in Frameworks */,
				644A50342966DEF800F8BC7B /* Apollo in Frameworks */,
				6468C8AE29657E1500080343 /* StateMachine in Frameworks */,
			);
			runOnlyForDeploymentPostprocessing = 0;
		};
/* End PBXFrameworksBuildPhase section */

/* Begin PBXGroup section */
		6468C87B2964374800080343 = {
			isa = PBXGroup;
			children = (
				6468C8A029645AFA00080343 /* Packages */,
				6468C8862964374800080343 /* kronor-test-app */,
				6468C8852964374800080343 /* Products */,
				6468C8A32964681400080343 /* Frameworks */,
			);
			sourceTree = "<group>";
		};
		6468C8852964374800080343 /* Products */ = {
			isa = PBXGroup;
			children = (
				6468C8842964374800080343 /* kronor-test-app.app */,
			);
			name = Products;
			sourceTree = "<group>";
		};
		6468C8862964374800080343 /* kronor-test-app */ = {
			isa = PBXGroup;
			children = (
				644A50312965E7B600F8BC7B /* Info.plist */,
				6468C8872964374800080343 /* kronor_test_appApp.swift */,
				6468C8892964374800080343 /* ContentView.swift */,
				6468C88B2964374900080343 /* Assets.xcassets */,
				6468C88D2964374900080343 /* Preview Content */,
				6468C8A82964765300080343 /* Client.swift */,
				6468C8AA2964811900080343 /* StartSession.swift */,
			);
			path = "kronor-test-app";
			sourceTree = "<group>";
		};
		6468C88D2964374900080343 /* Preview Content */ = {
			isa = PBXGroup;
			children = (
				6468C88E2964374900080343 /* Preview Assets.xcassets */,
			);
			path = "Preview Content";
			sourceTree = "<group>";
		};
		6468C8A029645AFA00080343 /* Packages */ = {
			isa = PBXGroup;
			children = (
			);
			name = Packages;
			sourceTree = "<group>";
		};
		6468C8A32964681400080343 /* Frameworks */ = {
			isa = PBXGroup;
			children = (
			);
			name = Frameworks;
			sourceTree = "<group>";
		};
/* End PBXGroup section */

/* Begin PBXNativeTarget section */
		6468C8832964374800080343 /* kronor-test-app */ = {
			isa = PBXNativeTarget;
			buildConfigurationList = 6468C8922964374900080343 /* Build configuration list for PBXNativeTarget "kronor-test-app" */;
			buildPhases = (
				6468C8802964374800080343 /* Sources */,
				6468C8812964374800080343 /* Frameworks */,
				6468C8822964374800080343 /* Resources */,
			);
			buildRules = (
			);
			dependencies = (
			);
			name = "kronor-test-app";
			packageProductDependencies = (
				6468C8AD29657E1500080343 /* StateMachine */,
				644A50332966DEF800F8BC7B /* Apollo */,
				644A50352966DEF800F8BC7B /* ApolloWebSocket */,
				646AE9E6296EF762003EB234 /* Kronor */,
				646AE9E8296EF762003EB234 /* KronorApi */,
				646AE9EA296EF762003EB234 /* KronorComponents */,
			);
			productName = "kronor-test-app";
			productReference = 6468C8842964374800080343 /* kronor-test-app.app */;
			productType = "com.apple.product-type.application";
		};
/* End PBXNativeTarget section */

/* Begin PBXProject section */
		6468C87C2964374800080343 /* Project object */ = {
			isa = PBXProject;
			attributes = {
				BuildIndependentTargetsInParallel = 1;
				LastSwiftUpdateCheck = 1420;
				LastUpgradeCheck = 1420;
				TargetAttributes = {
					6468C8832964374800080343 = {
						CreatedOnToolsVersion = 14.2;
					};
				};
			};
			buildConfigurationList = 6468C87F2964374800080343 /* Build configuration list for PBXProject "kronor-test-app" */;
			compatibilityVersion = "Xcode 14.0";
			developmentRegion = en;
			hasScannedForEncodings = 0;
			knownRegions = (
				en,
				Base,
			);
			mainGroup = 6468C87B2964374800080343;
			packageReferences = (
				6468C8AC29657E1500080343 /* XCRemoteSwiftPackageReference "StateMachine" */,
				644A50322966DEF800F8BC7B /* XCRemoteSwiftPackageReference "apollo-ios" */,
				646AE9E5296EF762003EB234 /* XCRemoteSwiftPackageReference "kronor-ios" */,
			);
			productRefGroup = 6468C8852964374800080343 /* Products */;
			projectDirPath = "";
			projectRoot = "";
			targets = (
				6468C8832964374800080343 /* kronor-test-app */,
			);
		};
/* End PBXProject section */

/* Begin PBXResourcesBuildPhase section */
		6468C8822964374800080343 /* Resources */ = {
			isa = PBXResourcesBuildPhase;
			buildActionMask = 2147483647;
			files = (
				6468C88F2964374900080343 /* Preview Assets.xcassets in Resources */,
				6468C88C2964374900080343 /* Assets.xcassets in Resources */,
			);
			runOnlyForDeploymentPostprocessing = 0;
		};
/* End PBXResourcesBuildPhase section */

/* Begin PBXSourcesBuildPhase section */
		6468C8802964374800080343 /* Sources */ = {
			isa = PBXSourcesBuildPhase;
			buildActionMask = 2147483647;
			files = (
				6468C88A2964374800080343 /* ContentView.swift in Sources */,
				6468C8882964374800080343 /* kronor_test_appApp.swift in Sources */,
				6468C8A92964765300080343 /* Client.swift in Sources */,
				6468C8AB2964811900080343 /* StartSession.swift in Sources */,
			);
			runOnlyForDeploymentPostprocessing = 0;
		};
/* End PBXSourcesBuildPhase section */

/* Begin XCBuildConfiguration section */
		6468C8902964374900080343 /* Debug */ = {
			isa = XCBuildConfiguration;
			buildSettings = {
				ALWAYS_SEARCH_USER_PATHS = NO;
				CLANG_ANALYZER_NONNULL = YES;
				CLANG_ANALYZER_NUMBER_OBJECT_CONVERSION = YES_AGGRESSIVE;
				CLANG_CXX_LANGUAGE_STANDARD = "gnu++20";
				CLANG_ENABLE_MODULES = YES;
				CLANG_ENABLE_OBJC_ARC = YES;
				CLANG_ENABLE_OBJC_WEAK = YES;
				CLANG_WARN_BLOCK_CAPTURE_AUTORELEASING = YES;
				CLANG_WARN_BOOL_CONVERSION = YES;
				CLANG_WARN_COMMA = YES;
				CLANG_WARN_CONSTANT_CONVERSION = YES;
				CLANG_WARN_DEPRECATED_OBJC_IMPLEMENTATIONS = YES;
				CLANG_WARN_DIRECT_OBJC_ISA_USAGE = YES_ERROR;
				CLANG_WARN_DOCUMENTATION_COMMENTS = YES;
				CLANG_WARN_EMPTY_BODY = YES;
				CLANG_WARN_ENUM_CONVERSION = YES;
				CLANG_WARN_INFINITE_RECURSION = YES;
				CLANG_WARN_INT_CONVERSION = YES;
				CLANG_WARN_NON_LITERAL_NULL_CONVERSION = YES;
				CLANG_WARN_OBJC_IMPLICIT_RETAIN_SELF = YES;
				CLANG_WARN_OBJC_LITERAL_CONVERSION = YES;
				CLANG_WARN_OBJC_ROOT_CLASS = YES_ERROR;
				CLANG_WARN_QUOTED_INCLUDE_IN_FRAMEWORK_HEADER = YES;
				CLANG_WARN_RANGE_LOOP_ANALYSIS = YES;
				CLANG_WARN_STRICT_PROTOTYPES = YES;
				CLANG_WARN_SUSPICIOUS_MOVE = YES;
				CLANG_WARN_UNGUARDED_AVAILABILITY = YES_AGGRESSIVE;
				CLANG_WARN_UNREACHABLE_CODE = YES;
				CLANG_WARN__DUPLICATE_METHOD_MATCH = YES;
				COPY_PHASE_STRIP = NO;
				DEBUG_INFORMATION_FORMAT = dwarf;
				ENABLE_STRICT_OBJC_MSGSEND = YES;
				ENABLE_TESTABILITY = YES;
				GCC_C_LANGUAGE_STANDARD = gnu11;
				GCC_DYNAMIC_NO_PIC = NO;
				GCC_NO_COMMON_BLOCKS = YES;
				GCC_OPTIMIZATION_LEVEL = 0;
				GCC_PREPROCESSOR_DEFINITIONS = (
					"DEBUG=1",
					"$(inherited)",
				);
				GCC_WARN_64_TO_32_BIT_CONVERSION = YES;
				GCC_WARN_ABOUT_RETURN_TYPE = YES_ERROR;
				GCC_WARN_UNDECLARED_SELECTOR = YES;
				GCC_WARN_UNINITIALIZED_AUTOS = YES_AGGRESSIVE;
				GCC_WARN_UNUSED_FUNCTION = YES;
				GCC_WARN_UNUSED_VARIABLE = YES;
				IPHONEOS_DEPLOYMENT_TARGET = 16.2;
				MTL_ENABLE_DEBUG_INFO = INCLUDE_SOURCE;
				MTL_FAST_MATH = YES;
				ONLY_ACTIVE_ARCH = YES;
				SDKROOT = iphoneos;
				SWIFT_ACTIVE_COMPILATION_CONDITIONS = DEBUG;
				SWIFT_OPTIMIZATION_LEVEL = "-Onone";
			};
			name = Debug;
		};
		6468C8912964374900080343 /* Release */ = {
			isa = XCBuildConfiguration;
			buildSettings = {
				ALWAYS_SEARCH_USER_PATHS = NO;
				CLANG_ANALYZER_NONNULL = YES;
				CLANG_ANALYZER_NUMBER_OBJECT_CONVERSION = YES_AGGRESSIVE;
				CLANG_CXX_LANGUAGE_STANDARD = "gnu++20";
				CLANG_ENABLE_MODULES = YES;
				CLANG_ENABLE_OBJC_ARC = YES;
				CLANG_ENABLE_OBJC_WEAK = YES;
				CLANG_WARN_BLOCK_CAPTURE_AUTORELEASING = YES;
				CLANG_WARN_BOOL_CONVERSION = YES;
				CLANG_WARN_COMMA = YES;
				CLANG_WARN_CONSTANT_CONVERSION = YES;
				CLANG_WARN_DEPRECATED_OBJC_IMPLEMENTATIONS = YES;
				CLANG_WARN_DIRECT_OBJC_ISA_USAGE = YES_ERROR;
				CLANG_WARN_DOCUMENTATION_COMMENTS = YES;
				CLANG_WARN_EMPTY_BODY = YES;
				CLANG_WARN_ENUM_CONVERSION = YES;
				CLANG_WARN_INFINITE_RECURSION = YES;
				CLANG_WARN_INT_CONVERSION = YES;
				CLANG_WARN_NON_LITERAL_NULL_CONVERSION = YES;
				CLANG_WARN_OBJC_IMPLICIT_RETAIN_SELF = YES;
				CLANG_WARN_OBJC_LITERAL_CONVERSION = YES;
				CLANG_WARN_OBJC_ROOT_CLASS = YES_ERROR;
				CLANG_WARN_QUOTED_INCLUDE_IN_FRAMEWORK_HEADER = YES;
				CLANG_WARN_RANGE_LOOP_ANALYSIS = YES;
				CLANG_WARN_STRICT_PROTOTYPES = YES;
				CLANG_WARN_SUSPICIOUS_MOVE = YES;
				CLANG_WARN_UNGUARDED_AVAILABILITY = YES_AGGRESSIVE;
				CLANG_WARN_UNREACHABLE_CODE = YES;
				CLANG_WARN__DUPLICATE_METHOD_MATCH = YES;
				COPY_PHASE_STRIP = NO;
				DEBUG_INFORMATION_FORMAT = "dwarf-with-dsym";
				ENABLE_NS_ASSERTIONS = NO;
				ENABLE_STRICT_OBJC_MSGSEND = YES;
				GCC_C_LANGUAGE_STANDARD = gnu11;
				GCC_NO_COMMON_BLOCKS = YES;
				GCC_WARN_64_TO_32_BIT_CONVERSION = YES;
				GCC_WARN_ABOUT_RETURN_TYPE = YES_ERROR;
				GCC_WARN_UNDECLARED_SELECTOR = YES;
				GCC_WARN_UNINITIALIZED_AUTOS = YES_AGGRESSIVE;
				GCC_WARN_UNUSED_FUNCTION = YES;
				GCC_WARN_UNUSED_VARIABLE = YES;
				IPHONEOS_DEPLOYMENT_TARGET = 16.2;
				MTL_ENABLE_DEBUG_INFO = NO;
				MTL_FAST_MATH = YES;
				SDKROOT = iphoneos;
				SWIFT_COMPILATION_MODE = wholemodule;
				SWIFT_OPTIMIZATION_LEVEL = "-O";
				VALIDATE_PRODUCT = YES;
			};
			name = Release;
		};
		6468C8932964374900080343 /* Debug */ = {
			isa = XCBuildConfiguration;
			buildSettings = {
				ASSETCATALOG_COMPILER_APPICON_NAME = AppIcon;
				ASSETCATALOG_COMPILER_GLOBAL_ACCENT_COLOR_NAME = AccentColor;
				CODE_SIGN_STYLE = Automatic;
				CURRENT_PROJECT_VERSION = 1;
				DEVELOPMENT_ASSET_PATHS = "\"kronor-test-app/Preview Content\"";
				DEVELOPMENT_TEAM = 8QB588R3S9;
				ENABLE_PREVIEWS = YES;
				GENERATE_INFOPLIST_FILE = YES;
				INFOPLIST_FILE = "kronor-test-app/Info.plist";
				INFOPLIST_KEY_UIApplicationSceneManifest_Generation = YES;
				INFOPLIST_KEY_UIApplicationSupportsIndirectInputEvents = YES;
				INFOPLIST_KEY_UILaunchScreen_Generation = YES;
				INFOPLIST_KEY_UISupportedInterfaceOrientations_iPad = "UIInterfaceOrientationPortrait UIInterfaceOrientationPortraitUpsideDown UIInterfaceOrientationLandscapeLeft UIInterfaceOrientationLandscapeRight";
				INFOPLIST_KEY_UISupportedInterfaceOrientations_iPhone = "UIInterfaceOrientationPortrait UIInterfaceOrientationLandscapeLeft UIInterfaceOrientationLandscapeRight";
				LD_RUNPATH_SEARCH_PATHS = (
					"$(inherited)",
					"@executable_path/Frameworks",
				);
				MARKETING_VERSION = 1.0;
				PRODUCT_BUNDLE_IDENTIFIER = "io.kronor.kronor-test-app";
				PRODUCT_NAME = "$(TARGET_NAME)";
				SWIFT_EMIT_LOC_STRINGS = YES;
				SWIFT_VERSION = 5.0;
				TARGETED_DEVICE_FAMILY = "1,2";
			};
			name = Debug;
		};
		6468C8942964374900080343 /* Release */ = {
			isa = XCBuildConfiguration;
			buildSettings = {
				ASSETCATALOG_COMPILER_APPICON_NAME = AppIcon;
				ASSETCATALOG_COMPILER_GLOBAL_ACCENT_COLOR_NAME = AccentColor;
				CODE_SIGN_STYLE = Automatic;
				CURRENT_PROJECT_VERSION = 1;
				DEVELOPMENT_ASSET_PATHS = "\"kronor-test-app/Preview Content\"";
				DEVELOPMENT_TEAM = 8QB588R3S9;
				ENABLE_PREVIEWS = YES;
				GENERATE_INFOPLIST_FILE = YES;
				INFOPLIST_FILE = "kronor-test-app/Info.plist";
				INFOPLIST_KEY_UIApplicationSceneManifest_Generation = YES;
				INFOPLIST_KEY_UIApplicationSupportsIndirectInputEvents = YES;
				INFOPLIST_KEY_UILaunchScreen_Generation = YES;
				INFOPLIST_KEY_UISupportedInterfaceOrientations_iPad = "UIInterfaceOrientationPortrait UIInterfaceOrientationPortraitUpsideDown UIInterfaceOrientationLandscapeLeft UIInterfaceOrientationLandscapeRight";
				INFOPLIST_KEY_UISupportedInterfaceOrientations_iPhone = "UIInterfaceOrientationPortrait UIInterfaceOrientationLandscapeLeft UIInterfaceOrientationLandscapeRight";
				LD_RUNPATH_SEARCH_PATHS = (
					"$(inherited)",
					"@executable_path/Frameworks",
				);
				MARKETING_VERSION = 1.0;
				PRODUCT_BUNDLE_IDENTIFIER = "io.kronor.kronor-test-app";
				PRODUCT_NAME = "$(TARGET_NAME)";
				SWIFT_EMIT_LOC_STRINGS = YES;
				SWIFT_VERSION = 5.0;
				TARGETED_DEVICE_FAMILY = "1,2";
			};
			name = Release;
		};
/* End XCBuildConfiguration section */

/* Begin XCConfigurationList section */
		6468C87F2964374800080343 /* Build configuration list for PBXProject "kronor-test-app" */ = {
			isa = XCConfigurationList;
			buildConfigurations = (
				6468C8902964374900080343 /* Debug */,
				6468C8912964374900080343 /* Release */,
			);
			defaultConfigurationIsVisible = 0;
			defaultConfigurationName = Release;
		};
		6468C8922964374900080343 /* Build configuration list for PBXNativeTarget "kronor-test-app" */ = {
			isa = XCConfigurationList;
			buildConfigurations = (
				6468C8932964374900080343 /* Debug */,
				6468C8942964374900080343 /* Release */,
			);
			defaultConfigurationIsVisible = 0;
			defaultConfigurationName = Release;
		};
/* End XCConfigurationList section */

/* Begin XCRemoteSwiftPackageReference section */
		644A50322966DEF800F8BC7B /* XCRemoteSwiftPackageReference "apollo-ios" */ = {
			isa = XCRemoteSwiftPackageReference;
			repositoryURL = "https://github.com/apollographql/apollo-ios";
			requirement = {
				branch = main;
				kind = branch;
			};
		};
		6468C8AC29657E1500080343 /* XCRemoteSwiftPackageReference "StateMachine" */ = {
			isa = XCRemoteSwiftPackageReference;
			repositoryURL = "https://github.com/Tinder/StateMachine";
			requirement = {
				kind = upToNextMinorVersion;
				minimumVersion = 0.3.0;
			};
		};
		646AE9E5296EF762003EB234 /* XCRemoteSwiftPackageReference "kronor-ios" */ = {
			isa = XCRemoteSwiftPackageReference;
			repositoryURL = "https://github.com/kronor-io/kronor-ios";
			requirement = {
				kind = revision;
				revision = e075c2bed20b2faef6bd68551c2d6ec8bd531b0e;
			};
		};
/* End XCRemoteSwiftPackageReference section */

/* Begin XCSwiftPackageProductDependency section */
		644A50332966DEF800F8BC7B /* Apollo */ = {
			isa = XCSwiftPackageProductDependency;
			package = 644A50322966DEF800F8BC7B /* XCRemoteSwiftPackageReference "apollo-ios" */;
			productName = Apollo;
		};
		644A50352966DEF800F8BC7B /* ApolloWebSocket */ = {
			isa = XCSwiftPackageProductDependency;
			package = 644A50322966DEF800F8BC7B /* XCRemoteSwiftPackageReference "apollo-ios" */;
			productName = ApolloWebSocket;
		};
		6468C8AD29657E1500080343 /* StateMachine */ = {
			isa = XCSwiftPackageProductDependency;
			package = 6468C8AC29657E1500080343 /* XCRemoteSwiftPackageReference "StateMachine" */;
			productName = StateMachine;
		};
		646AE9E6296EF762003EB234 /* Kronor */ = {
			isa = XCSwiftPackageProductDependency;
			package = 646AE9E5296EF762003EB234 /* XCRemoteSwiftPackageReference "kronor-ios" */;
			productName = Kronor;
		};
		646AE9E8296EF762003EB234 /* KronorApi */ = {
			isa = XCSwiftPackageProductDependency;
			package = 646AE9E5296EF762003EB234 /* XCRemoteSwiftPackageReference "kronor-ios" */;
			productName = KronorApi;
		};
		646AE9EA296EF762003EB234 /* KronorComponents */ = {
			isa = XCSwiftPackageProductDependency;
			package = 646AE9E5296EF762003EB234 /* XCRemoteSwiftPackageReference "kronor-ios" */;
			productName = KronorComponents;
		};
/* End XCSwiftPackageProductDependency section */
	};
	rootObject = 6468C87C2964374800080343 /* Project object */;
}
